
Microsoft Visual Studio Solution File, Format Version 12.00
# Visual Studio Version 17
VisualStudioVersion = 17.14.37027.9
MinimumVisualStudioVersion = 10.0.40219.1
Project("{FAE04EC0-301F-11D3-BF4B-00C04F79EFBC}") = "TestApp", "TestApp\TestApp.csproj", "{40226FCB-C18A-3DE4-B470-967BA883AB94}"
EndProject
Project("{FAE04EC0-301F-11D3-BF4B-00C04F79EFBC}") = "MAX.Bot.NetFramework", "MAX.Bot.NetFramework\MAX.Bot.NetFramework.csproj", "{9E2F0536-56C2-4DDD-B54F-D5640D4576D4}"
EndProject
Global
	GlobalSection(SolutionConfigurationPlatforms) = preSolution
		Debug|Any CPU = Debug|Any CPU
		Release|Any CPU = Release|Any CPU
	EndGlobalSection
	GlobalSection(ProjectConfigurationPlatforms) = postSolution
		{40226FCB-C18A-3DE4-B470-967BA883AB94}.Debug|Any CPU.ActiveCfg = Debug|Any CPU
		{40226FCB-C18A-3DE4-B470-967BA883AB94}.Debug|Any CPU.Build.0 = Debug|Any CPU
		{40226FCB-C18A-3DE4-B470-967BA883AB94}.Release|Any CPU.ActiveCfg = Release|Any CPU
		{40226FCB-C18A-3DE4-B470-967BA883AB94}.Release|Any CPU.Build.0 = Release|Any CPU
		{9E2F0536-56C2-4DDD-B54F-D5640D4576D4}.Debug|Any CPU.ActiveCfg = Debug|Any CPU
		{9E2F0536-56C2-4DDD-B54F-D5640D4576D4}.Debug|Any CPU.Build.0 = Debug|Any CPU
		{9E2F0536-56C2-4DDD-B54F-D5640D4576D4}.Release|Any CPU.ActiveCfg = Release|Any CPU
		{9E2F0536-56C2-4DDD-B54F-D5640D4576D4}.Release|Any CPU.Build.0 = Release|Any CPU
	EndGlobalSection
	GlobalSection(SolutionProperties) = preSolution
		HideSolutionNode = FALSE
	EndGlobalSection
	GlobalSection(ExtensibilityGlobals) = postSolution
		SolutionGuid = {BDA74C9C-B2CF-4656-9054-24CEB8C7FCF3}
	EndGlobalSection
EndGlobal
